// !$*UTF8*$!
{
	archiveVersion = 1;
	classes = {
	};
	objectVersion = 55;
	objects = {

/* Begin PBXBuildFile section */
		D00332412874FA9F0048EDF1 /* MainViewController.swift in Sources */ = {isa = PBXBuildFile; fileRef = D00332402874FA9F0048EDF1 /* MainViewController.swift */; };
		D0289705286D5FDC00567A95 /* OnboardingContainerViewController.swift in Sources */ = {isa = PBXBuildFile; fileRef = D0289704286D5FDC00567A95 /* OnboardingContainerViewController.swift */; };
		D03BE58A286E3078006CBB45 /* OnboardingViewController.swift in Sources */ = {isa = PBXBuildFile; fileRef = D03BE589286E3078006CBB45 /* OnboardingViewController.swift */; };
		D03C9D7A2875AC56005493C5 /* AccountSummaryViewController.swift in Sources */ = {isa = PBXBuildFile; fileRef = D03C9D792875AC56005493C5 /* AccountSummaryViewController.swift */; };
		D03C9D7C2875B1E2005493C5 /* AccountSummaryHeaderView.swift in Sources */ = {isa = PBXBuildFile; fileRef = D03C9D7B2875B1E2005493C5 /* AccountSummaryHeaderView.swift */; };
		D03C9D7E2875B256005493C5 /* AccountSummaryHeaderView.xib in Resources */ = {isa = PBXBuildFile; fileRef = D03C9D7D2875B256005493C5 /* AccountSummaryHeaderView.xib */; };
		D043D56E28765D14008F0574 /* AccountSummaryCell.swift in Sources */ = {isa = PBXBuildFile; fileRef = D043D56D28765D14008F0574 /* AccountSummaryCell.swift */; };
		D04F649B286A35400018B326 /* AppDelegate.swift in Sources */ = {isa = PBXBuildFile; fileRef = D04F649A286A35400018B326 /* AppDelegate.swift */; };
		D04F649F286A35400018B326 /* LoginViewController.swift in Sources */ = {isa = PBXBuildFile; fileRef = D04F649E286A35400018B326 /* LoginViewController.swift */; };
		D04F64A4286A35430018B326 /* Assets.xcassets in Resources */ = {isa = PBXBuildFile; fileRef = D04F64A3286A35430018B326 /* Assets.xcassets */; };
		D04F64A7286A35430018B326 /* LaunchScreen.storyboard in Resources */ = {isa = PBXBuildFile; fileRef = D04F64A5286A35430018B326 /* LaunchScreen.storyboard */; };
		D04F64B1286A39820018B326 /* LoginView.swift in Sources */ = {isa = PBXBuildFile; fileRef = D04F64B0286A39820018B326 /* LoginView.swift */; };
		D092A41428810A1A005B8FDA /* CurrencyFormatter.swift in Sources */ = {isa = PBXBuildFile; fileRef = D092A41328810A1A005B8FDA /* CurrencyFormatter.swift */; };
		D092A42328811D27005B8FDA /* CurrencyFormatterTests.swift in Sources */ = {isa = PBXBuildFile; fileRef = D092A42228811D27005B8FDA /* CurrencyFormatterTests.swift */; };
		D0D8B1A2288229B80040C60A /* NSNotificationName.swift in Sources */ = {isa = PBXBuildFile; fileRef = D0D8B1A1288229B80040C60A /* NSNotificationName.swift */; };
		D0D8B1A428822C870040C60A /* UITextField+SecureToggle.swift in Sources */ = {isa = PBXBuildFile; fileRef = D0D8B1A328822C870040C60A /* UITextField+SecureToggle.swift */; };
		D0E2285D28734804009FAF86 /* DummyViewController.swift in Sources */ = {isa = PBXBuildFile; fileRef = D0E2285C28734804009FAF86 /* DummyViewController.swift */; };
		D0E3EAB92874B70700862171 /* LocalState.swift in Sources */ = {isa = PBXBuildFile; fileRef = D0E3EAB82874B70700862171 /* LocalState.swift */; };
		D0E3EABB2874BEED00862171 /* UIViewController+Utils.swift in Sources */ = {isa = PBXBuildFile; fileRef = D0E3EABA2874BEED00862171 /* UIViewController+Utils.swift */; };
/* End PBXBuildFile section */

/* Begin PBXContainerItemProxy section */
		D092A41D28811C8A005B8FDA /* PBXContainerItemProxy */ = {
			isa = PBXContainerItemProxy;
			containerPortal = D04F648F286A35400018B326 /* Project object */;
			proxyType = 1;
			remoteGlobalIDString = D04F6496286A35400018B326;
			remoteInfo = Bankey;
		};
/* End PBXContainerItemProxy section */

/* Begin PBXFileReference section */
		D00332402874FA9F0048EDF1 /* MainViewController.swift */ = {isa = PBXFileReference; lastKnownFileType = sourcecode.swift; path = MainViewController.swift; sourceTree = "<group>"; };
		D0289704286D5FDC00567A95 /* OnboardingContainerViewController.swift */ = {isa = PBXFileReference; lastKnownFileType = sourcecode.swift; path = OnboardingContainerViewController.swift; sourceTree = "<group>"; };
		D03BE589286E3078006CBB45 /* OnboardingViewController.swift */ = {isa = PBXFileReference; lastKnownFileType = sourcecode.swift; path = OnboardingViewController.swift; sourceTree = "<group>"; };
		D03C9D792875AC56005493C5 /* AccountSummaryViewController.swift */ = {isa = PBXFileReference; lastKnownFileType = sourcecode.swift; path = AccountSummaryViewController.swift; sourceTree = "<group>"; };
		D03C9D7B2875B1E2005493C5 /* AccountSummaryHeaderView.swift */ = {isa = PBXFileReference; lastKnownFileType = sourcecode.swift; path = AccountSummaryHeaderView.swift; sourceTree = "<group>"; };
		D03C9D7D2875B256005493C5 /* AccountSummaryHeaderView.xib */ = {isa = PBXFileReference; lastKnownFileType = file.xib; path = AccountSummaryHeaderView.xib; sourceTree = "<group>"; };
		D043D56D28765D14008F0574 /* AccountSummaryCell.swift */ = {isa = PBXFileReference; lastKnownFileType = sourcecode.swift; path = AccountSummaryCell.swift; sourceTree = "<group>"; };
		D04F6497286A35400018B326 /* Bankey.app */ = {isa = PBXFileReference; explicitFileType = wrapper.application; includeInIndex = 0; path = Bankey.app; sourceTree = BUILT_PRODUCTS_DIR; };
		D04F649A286A35400018B326 /* AppDelegate.swift */ = {isa = PBXFileReference; lastKnownFileType = sourcecode.swift; path = AppDelegate.swift; sourceTree = "<group>"; };
		D04F649E286A35400018B326 /* LoginViewController.swift */ = {isa = PBXFileReference; lastKnownFileType = sourcecode.swift; path = LoginViewController.swift; sourceTree = "<group>"; };
		D04F64A3286A35430018B326 /* Assets.xcassets */ = {isa = PBXFileReference; lastKnownFileType = folder.assetcatalog; path = Assets.xcassets; sourceTree = "<group>"; };
		D04F64A6286A35430018B326 /* Base */ = {isa = PBXFileReference; lastKnownFileType = file.storyboard; name = Base; path = Base.lproj/LaunchScreen.storyboard; sourceTree = "<group>"; };
		D04F64A8286A35430018B326 /* Info.plist */ = {isa = PBXFileReference; lastKnownFileType = text.plist.xml; path = Info.plist; sourceTree = "<group>"; };
		D04F64B0286A39820018B326 /* LoginView.swift */ = {isa = PBXFileReference; lastKnownFileType = sourcecode.swift; path = LoginView.swift; sourceTree = "<group>"; };
		D092A41328810A1A005B8FDA /* CurrencyFormatter.swift */ = {isa = PBXFileReference; lastKnownFileType = sourcecode.swift; path = CurrencyFormatter.swift; sourceTree = "<group>"; };
		D092A41928811C8A005B8FDA /* BankeyUnitTests.xctest */ = {isa = PBXFileReference; explicitFileType = wrapper.cfbundle; includeInIndex = 0; path = BankeyUnitTests.xctest; sourceTree = BUILT_PRODUCTS_DIR; };
		D092A42228811D27005B8FDA /* CurrencyFormatterTests.swift */ = {isa = PBXFileReference; lastKnownFileType = sourcecode.swift; path = CurrencyFormatterTests.swift; sourceTree = "<group>"; };
		D0D8B1A1288229B80040C60A /* NSNotificationName.swift */ = {isa = PBXFileReference; lastKnownFileType = sourcecode.swift; path = NSNotificationName.swift; sourceTree = "<group>"; };
		D0D8B1A328822C870040C60A /* UITextField+SecureToggle.swift */ = {isa = PBXFileReference; lastKnownFileType = sourcecode.swift; path = "UITextField+SecureToggle.swift"; sourceTree = "<group>"; };
		D0E2285C28734804009FAF86 /* DummyViewController.swift */ = {isa = PBXFileReference; lastKnownFileType = sourcecode.swift; path = DummyViewController.swift; sourceTree = "<group>"; };
		D0E3EAB82874B70700862171 /* LocalState.swift */ = {isa = PBXFileReference; lastKnownFileType = sourcecode.swift; path = LocalState.swift; sourceTree = "<group>"; };
		D0E3EABA2874BEED00862171 /* UIViewController+Utils.swift */ = {isa = PBXFileReference; lastKnownFileType = sourcecode.swift; path = "UIViewController+Utils.swift"; sourceTree = "<group>"; };
/* End PBXFileReference section */

/* Begin PBXFrameworksBuildPhase section */
		D04F6494286A35400018B326 /* Frameworks */ = {
			isa = PBXFrameworksBuildPhase;
			buildActionMask = 2147483647;
			files = (
			);
			runOnlyForDeploymentPostprocessing = 0;
		};
		D092A41628811C8A005B8FDA /* Frameworks */ = {
			isa = PBXFrameworksBuildPhase;
			buildActionMask = 2147483647;
			files = (
			);
			runOnlyForDeploymentPostprocessing = 0;
		};
/* End PBXFrameworksBuildPhase section */

/* Begin PBXGroup section */
		D0289703286D5FB700567A95 /* Onboarding */ = {
			isa = PBXGroup;
			children = (
				D0289704286D5FDC00567A95 /* OnboardingContainerViewController.swift */,
				D03BE589286E3078006CBB45 /* OnboardingViewController.swift */,
			);
			path = Onboarding;
			sourceTree = "<group>";
		};
		D03C9D782875AC32005493C5 /* AccountSummary */ = {
			isa = PBXGroup;
			children = (
				D03C9D792875AC56005493C5 /* AccountSummaryViewController.swift */,
				D043D56B28765CC4008F0574 /* Header */,
				D043D56C28765CE7008F0574 /* Cell */,
			);
			path = AccountSummary;
			sourceTree = "<group>";
		};
		D043D56B28765CC4008F0574 /* Header */ = {
			isa = PBXGroup;
			children = (
				D03C9D7B2875B1E2005493C5 /* AccountSummaryHeaderView.swift */,
				D03C9D7D2875B256005493C5 /* AccountSummaryHeaderView.xib */,
			);
			path = Header;
			sourceTree = "<group>";
		};
		D043D56C28765CE7008F0574 /* Cell */ = {
			isa = PBXGroup;
			children = (
				D043D56D28765D14008F0574 /* AccountSummaryCell.swift */,
				D092A41328810A1A005B8FDA /* CurrencyFormatter.swift */,
			);
			path = Cell;
			sourceTree = "<group>";
		};
		D04F648E286A35400018B326 = {
			isa = PBXGroup;
			children = (
				D04F6499286A35400018B326 /* Bankey */,
				D092A41A28811C8A005B8FDA /* BankeyUnitTests */,
				D04F6498286A35400018B326 /* Products */,
			);
			sourceTree = "<group>";
		};
		D04F6498286A35400018B326 /* Products */ = {
			isa = PBXGroup;
			children = (
				D04F6497286A35400018B326 /* Bankey.app */,
				D092A41928811C8A005B8FDA /* BankeyUnitTests.xctest */,
			);
			name = Products;
			sourceTree = "<group>";
		};
		D04F6499286A35400018B326 /* Bankey */ = {
			isa = PBXGroup;
			children = (
				D04F649A286A35400018B326 /* AppDelegate.swift */,
				D00332402874FA9F0048EDF1 /* MainViewController.swift */,
				D04F64AF286A39550018B326 /* Login */,
				D0289703286D5FB700567A95 /* Onboarding */,
				D03C9D782875AC32005493C5 /* AccountSummary */,
				D0E3EAB72874B6F700862171 /* Util */,
				D04F64AE286A39010018B326 /* Files */,
			);
			path = Bankey;
			sourceTree = "<group>";
		};
		D04F64AE286A39010018B326 /* Files */ = {
			isa = PBXGroup;
			children = (
				D04F64A3286A35430018B326 /* Assets.xcassets */,
				D04F64A5286A35430018B326 /* LaunchScreen.storyboard */,
				D04F64A8286A35430018B326 /* Info.plist */,
			);
			name = Files;
			sourceTree = "<group>";
		};
		D04F64AF286A39550018B326 /* Login */ = {
			isa = PBXGroup;
			children = (
				D04F649E286A35400018B326 /* LoginViewController.swift */,
				D04F64B0286A39820018B326 /* LoginView.swift */,
				D0E2285C28734804009FAF86 /* DummyViewController.swift */,
			);
			path = Login;
			sourceTree = "<group>";
		};
		D092A41A28811C8A005B8FDA /* BankeyUnitTests */ = {
			isa = PBXGroup;
			children = (
				D092A42228811D27005B8FDA /* CurrencyFormatterTests.swift */,
			);
			path = BankeyUnitTests;
			sourceTree = "<group>";
		};
		D0E3EAB72874B6F700862171 /* Util */ = {
			isa = PBXGroup;
			children = (
				D0E3EAB82874B70700862171 /* LocalState.swift */,
				D0E3EABA2874BEED00862171 /* UIViewController+Utils.swift */,
				D0D8B1A1288229B80040C60A /* NSNotificationName.swift */,
				D0D8B1A328822C870040C60A /* UITextField+SecureToggle.swift */,
			);
			path = Util;
			sourceTree = "<group>";
		};
/* End PBXGroup section */

/* Begin PBXNativeTarget section */
		D04F6496286A35400018B326 /* Bankey */ = {
			isa = PBXNativeTarget;
			buildConfigurationList = D04F64AB286A35430018B326 /* Build configuration list for PBXNativeTarget "Bankey" */;
			buildPhases = (
				D04F6493286A35400018B326 /* Sources */,
				D04F6494286A35400018B326 /* Frameworks */,
				D04F6495286A35400018B326 /* Resources */,
			);
			buildRules = (
			);
			dependencies = (
			);
			name = Bankey;
			productName = Bankey;
			productReference = D04F6497286A35400018B326 /* Bankey.app */;
			productType = "com.apple.product-type.application";
		};
		D092A41828811C8A005B8FDA /* BankeyUnitTests */ = {
			isa = PBXNativeTarget;
			buildConfigurationList = D092A41F28811C8A005B8FDA /* Build configuration list for PBXNativeTarget "BankeyUnitTests" */;
			buildPhases = (
				D092A41528811C8A005B8FDA /* Sources */,
				D092A41628811C8A005B8FDA /* Frameworks */,
				D092A41728811C8A005B8FDA /* Resources */,
			);
			buildRules = (
			);
			dependencies = (
				D092A41E28811C8A005B8FDA /* PBXTargetDependency */,
			);
			name = BankeyUnitTests;
			productName = BankeyUnitTests;
			productReference = D092A41928811C8A005B8FDA /* BankeyUnitTests.xctest */;
			productType = "com.apple.product-type.bundle.unit-test";
		};
/* End PBXNativeTarget section */

/* Begin PBXProject section */
		D04F648F286A35400018B326 /* Project object */ = {
			isa = PBXProject;
			attributes = {
				BuildIndependentTargetsInParallel = 1;
				LastSwiftUpdateCheck = 1340;
				LastUpgradeCheck = 1340;
				TargetAttributes = {
					D04F6496286A35400018B326 = {
						CreatedOnToolsVersion = 13.4.1;
					};
					D092A41828811C8A005B8FDA = {
						CreatedOnToolsVersion = 13.4.1;
						LastSwiftMigration = 1340;
						TestTargetID = D04F6496286A35400018B326;
					};
				};
			};
			buildConfigurationList = D04F6492286A35400018B326 /* Build configuration list for PBXProject "Bankey" */;
			compatibilityVersion = "Xcode 13.0";
			developmentRegion = en;
			hasScannedForEncodings = 0;
			knownRegions = (
				en,
				Base,
			);
			mainGroup = D04F648E286A35400018B326;
			productRefGroup = D04F6498286A35400018B326 /* Products */;
			projectDirPath = "";
			projectRoot = "";
			targets = (
				D04F6496286A35400018B326 /* Bankey */,
				D092A41828811C8A005B8FDA /* BankeyUnitTests */,
			);
		};
/* End PBXProject section */

/* Begin PBXResourcesBuildPhase section */
		D04F6495286A35400018B326 /* Resources */ = {
			isa = PBXResourcesBuildPhase;
			buildActionMask = 2147483647;
			files = (
				D03C9D7E2875B256005493C5 /* AccountSummaryHeaderView.xib in Resources */,
				D04F64A7286A35430018B326 /* LaunchScreen.storyboard in Resources */,
				D04F64A4286A35430018B326 /* Assets.xcassets in Resources */,
			);
			runOnlyForDeploymentPostprocessing = 0;
		};
		D092A41728811C8A005B8FDA /* Resources */ = {
			isa = PBXResourcesBuildPhase;
			buildActionMask = 2147483647;
			files = (
			);
			runOnlyForDeploymentPostprocessing = 0;
		};
/* End PBXResourcesBuildPhase section */

/* Begin PBXSourcesBuildPhase section */
		D04F6493286A35400018B326 /* Sources */ = {
			isa = PBXSourcesBuildPhase;
			buildActionMask = 2147483647;
			files = (
				D0E3EABB2874BEED00862171 /* UIViewController+Utils.swift in Sources */,
				D04F64B1286A39820018B326 /* LoginView.swift in Sources */,
				D0E3EAB92874B70700862171 /* LocalState.swift in Sources */,
				D03C9D7C2875B1E2005493C5 /* AccountSummaryHeaderView.swift in Sources */,
				D0E2285D28734804009FAF86 /* DummyViewController.swift in Sources */,
				D0D8B1A428822C870040C60A /* UITextField+SecureToggle.swift in Sources */,
				D04F649F286A35400018B326 /* LoginViewController.swift in Sources */,
				D092A41428810A1A005B8FDA /* CurrencyFormatter.swift in Sources */,
				D043D56E28765D14008F0574 /* AccountSummaryCell.swift in Sources */,
				D0D8B1A2288229B80040C60A /* NSNotificationName.swift in Sources */,
				D03BE58A286E3078006CBB45 /* OnboardingViewController.swift in Sources */,
				D00332412874FA9F0048EDF1 /* MainViewController.swift in Sources */,
				D03C9D7A2875AC56005493C5 /* AccountSummaryViewController.swift in Sources */,
				D04F649B286A35400018B326 /* AppDelegate.swift in Sources */,
				D0289705286D5FDC00567A95 /* OnboardingContainerViewController.swift in Sources */,
			);
			runOnlyForDeploymentPostprocessing = 0;
		};
		D092A41528811C8A005B8FDA /* Sources */ = {
			isa = PBXSourcesBuildPhase;
			buildActionMask = 2147483647;
			files = (
				D092A42328811D27005B8FDA /* CurrencyFormatterTests.swift in Sources */,
			);
			runOnlyForDeploymentPostprocessing = 0;
		};
/* End PBXSourcesBuildPhase section */

/* Begin PBXTargetDependency section */
		D092A41E28811C8A005B8FDA /* PBXTargetDependency */ = {
			isa = PBXTargetDependency;
			target = D04F6496286A35400018B326 /* Bankey */;
			targetProxy = D092A41D28811C8A005B8FDA /* PBXContainerItemProxy */;
		};
/* End PBXTargetDependency section */

/* Begin PBXVariantGroup section */
		D04F64A5286A35430018B326 /* LaunchScreen.storyboard */ = {
			isa = PBXVariantGroup;
			children = (
				D04F64A6286A35430018B326 /* Base */,
			);
			name = LaunchScreen.storyboard;
			sourceTree = "<group>";
		};
/* End PBXVariantGroup section */

/* Begin XCBuildConfiguration section */
		D04F64A9286A35430018B326 /* Debug */ = {
			isa = XCBuildConfiguration;
			buildSettings = {
				ALWAYS_SEARCH_USER_PATHS = NO;
				CLANG_ANALYZER_NONNULL = YES;
				CLANG_ANALYZER_NUMBER_OBJECT_CONVERSION = YES_AGGRESSIVE;
				CLANG_CXX_LANGUAGE_STANDARD = "gnu++17";
				CLANG_ENABLE_MODULES = YES;
				CLANG_ENABLE_OBJC_ARC = YES;
				CLANG_ENABLE_OBJC_WEAK = YES;
				CLANG_WARN_BLOCK_CAPTURE_AUTORELEASING = YES;
				CLANG_WARN_BOOL_CONVERSION = YES;
				CLANG_WARN_COMMA = YES;
				CLANG_WARN_CONSTANT_CONVERSION = YES;
				CLANG_WARN_DEPRECATED_OBJC_IMPLEMENTATIONS = YES;
				CLANG_WARN_DIRECT_OBJC_ISA_USAGE = YES_ERROR;
				CLANG_WARN_DOCUMENTATION_COMMENTS = YES;
				CLANG_WARN_EMPTY_BODY = YES;
				CLANG_WARN_ENUM_CONVERSION = YES;
				CLANG_WARN_INFINITE_RECURSION = YES;
				CLANG_WARN_INT_CONVERSION = YES;
				CLANG_WARN_NON_LITERAL_NULL_CONVERSION = YES;
				CLANG_WARN_OBJC_IMPLICIT_RETAIN_SELF = YES;
				CLANG_WARN_OBJC_LITERAL_CONVERSION = YES;
				CLANG_WARN_OBJC_ROOT_CLASS = YES_ERROR;
				CLANG_WARN_QUOTED_INCLUDE_IN_FRAMEWORK_HEADER = YES;
				CLANG_WARN_RANGE_LOOP_ANALYSIS = YES;
				CLANG_WARN_STRICT_PROTOTYPES = YES;
				CLANG_WARN_SUSPICIOUS_MOVE = YES;
				CLANG_WARN_UNGUARDED_AVAILABILITY = YES_AGGRESSIVE;
				CLANG_WARN_UNREACHABLE_CODE = YES;
				CLANG_WARN__DUPLICATE_METHOD_MATCH = YES;
				COPY_PHASE_STRIP = NO;
				DEBUG_INFORMATION_FORMAT = dwarf;
				ENABLE_STRICT_OBJC_MSGSEND = YES;
				ENABLE_TESTABILITY = YES;
				GCC_C_LANGUAGE_STANDARD = gnu11;
				GCC_DYNAMIC_NO_PIC = NO;
				GCC_NO_COMMON_BLOCKS = YES;
				GCC_OPTIMIZATION_LEVEL = 0;
				GCC_PREPROCESSOR_DEFINITIONS = (
					"DEBUG=1",
					"$(inherited)",
				);
				GCC_WARN_64_TO_32_BIT_CONVERSION = YES;
				GCC_WARN_ABOUT_RETURN_TYPE = YES_ERROR;
				GCC_WARN_UNDECLARED_SELECTOR = YES;
				GCC_WARN_UNINITIALIZED_AUTOS = YES_AGGRESSIVE;
				GCC_WARN_UNUSED_FUNCTION = YES;
				GCC_WARN_UNUSED_VARIABLE = YES;
				IPHONEOS_DEPLOYMENT_TARGET = 15.5;
				MTL_ENABLE_DEBUG_INFO = INCLUDE_SOURCE;
				MTL_FAST_MATH = YES;
				ONLY_ACTIVE_ARCH = YES;
				SDKROOT = iphoneos;
				SWIFT_ACTIVE_COMPILATION_CONDITIONS = DEBUG;
				SWIFT_OPTIMIZATION_LEVEL = "-Onone";
			};
			name = Debug;
		};
		D04F64AA286A35430018B326 /* Release */ = {
			isa = XCBuildConfiguration;
			buildSettings = {
				ALWAYS_SEARCH_USER_PATHS = NO;
				CLANG_ANALYZER_NONNULL = YES;
				CLANG_ANALYZER_NUMBER_OBJECT_CONVERSION = YES_AGGRESSIVE;
				CLANG_CXX_LANGUAGE_STANDARD = "gnu++17";
				CLANG_ENABLE_MODULES = YES;
				CLANG_ENABLE_OBJC_ARC = YES;
				CLANG_ENABLE_OBJC_WEAK = YES;
				CLANG_WARN_BLOCK_CAPTURE_AUTORELEASING = YES;
				CLANG_WARN_BOOL_CONVERSION = YES;
				CLANG_WARN_COMMA = YES;
				CLANG_WARN_CONSTANT_CONVERSION = YES;
				CLANG_WARN_DEPRECATED_OBJC_IMPLEMENTATIONS = YES;
				CLANG_WARN_DIRECT_OBJC_ISA_USAGE = YES_ERROR;
				CLANG_WARN_DOCUMENTATION_COMMENTS = YES;
				CLANG_WARN_EMPTY_BODY = YES;
				CLANG_WARN_ENUM_CONVERSION = YES;
				CLANG_WARN_INFINITE_RECURSION = YES;
				CLANG_WARN_INT_CONVERSION = YES;
				CLANG_WARN_NON_LITERAL_NULL_CONVERSION = YES;
				CLANG_WARN_OBJC_IMPLICIT_RETAIN_SELF = YES;
				CLANG_WARN_OBJC_LITERAL_CONVERSION = YES;
				CLANG_WARN_OBJC_ROOT_CLASS = YES_ERROR;
				CLANG_WARN_QUOTED_INCLUDE_IN_FRAMEWORK_HEADER = YES;
				CLANG_WARN_RANGE_LOOP_ANALYSIS = YES;
				CLANG_WARN_STRICT_PROTOTYPES = YES;
				CLANG_WARN_SUSPICIOUS_MOVE = YES;
				CLANG_WARN_UNGUARDED_AVAILABILITY = YES_AGGRESSIVE;
				CLANG_WARN_UNREACHABLE_CODE = YES;
				CLANG_WARN__DUPLICATE_METHOD_MATCH = YES;
				COPY_PHASE_STRIP = NO;
				DEBUG_INFORMATION_FORMAT = "dwarf-with-dsym";
				ENABLE_NS_ASSERTIONS = NO;
				ENABLE_STRICT_OBJC_MSGSEND = YES;
				GCC_C_LANGUAGE_STANDARD = gnu11;
				GCC_NO_COMMON_BLOCKS = YES;
				GCC_WARN_64_TO_32_BIT_CONVERSION = YES;
				GCC_WARN_ABOUT_RETURN_TYPE = YES_ERROR;
				GCC_WARN_UNDECLARED_SELECTOR = YES;
				GCC_WARN_UNINITIALIZED_AUTOS = YES_AGGRESSIVE;
				GCC_WARN_UNUSED_FUNCTION = YES;
				GCC_WARN_UNUSED_VARIABLE = YES;
				IPHONEOS_DEPLOYMENT_TARGET = 15.5;
				MTL_ENABLE_DEBUG_INFO = NO;
				MTL_FAST_MATH = YES;
				SDKROOT = iphoneos;
				SWIFT_COMPILATION_MODE = wholemodule;
				SWIFT_OPTIMIZATION_LEVEL = "-O";
				VALIDATE_PRODUCT = YES;
			};
			name = Release;
		};
		D04F64AC286A35430018B326 /* Debug */ = {
			isa = XCBuildConfiguration;
			buildSettings = {
				ASSETCATALOG_COMPILER_APPICON_NAME = AppIcon;
				ASSETCATALOG_COMPILER_GLOBAL_ACCENT_COLOR_NAME = AccentColor;
				CODE_SIGN_STYLE = Automatic;
				CURRENT_PROJECT_VERSION = 1;
				DEVELOPMENT_TEAM = R2D8G8MDYK;
				GENERATE_INFOPLIST_FILE = YES;
				INFOPLIST_FILE = Bankey/Info.plist;
				INFOPLIST_KEY_UIApplicationSupportsIndirectInputEvents = YES;
				INFOPLIST_KEY_UILaunchStoryboardName = LaunchScreen;
				INFOPLIST_KEY_UISupportedInterfaceOrientations_iPad = "UIInterfaceOrientationPortrait UIInterfaceOrientationPortraitUpsideDown UIInterfaceOrientationLandscapeLeft UIInterfaceOrientationLandscapeRight";
				INFOPLIST_KEY_UISupportedInterfaceOrientations_iPhone = "UIInterfaceOrientationPortrait UIInterfaceOrientationLandscapeLeft UIInterfaceOrientationLandscapeRight";
				LD_RUNPATH_SEARCH_PATHS = (
					"$(inherited)",
					"@executable_path/Frameworks",
				);
				MARKETING_VERSION = 1.0;
				PRODUCT_BUNDLE_IDENTIFIER = dev.frostra1n.apps.Bankey;
				PRODUCT_NAME = "$(TARGET_NAME)";
				SWIFT_EMIT_LOC_STRINGS = YES;
				SWIFT_VERSION = 5.0;
				TARGETED_DEVICE_FAMILY = "1,2";
			};
			name = Debug;
		};
		D04F64AD286A35430018B326 /* Release */ = {
			isa = XCBuildConfiguration;
			buildSettings = {
				ASSETCATALOG_COMPILER_APPICON_NAME = AppIcon;
				ASSETCATALOG_COMPILER_GLOBAL_ACCENT_COLOR_NAME = AccentColor;
				CODE_SIGN_STYLE = Automatic;
				CURRENT_PROJECT_VERSION = 1;
				DEVELOPMENT_TEAM = R2D8G8MDYK;
				GENERATE_INFOPLIST_FILE = YES;
				INFOPLIST_FILE = Bankey/Info.plist;
				INFOPLIST_KEY_UIApplicationSupportsIndirectInputEvents = YES;
				INFOPLIST_KEY_UILaunchStoryboardName = LaunchScreen;
				INFOPLIST_KEY_UISupportedInterfaceOrientations_iPad = "UIInterfaceOrientationPortrait UIInterfaceOrientationPortraitUpsideDown UIInterfaceOrientationLandscapeLeft UIInterfaceOrientationLandscapeRight";
				INFOPLIST_KEY_UISupportedInterfaceOrientations_iPhone = "UIInterfaceOrientationPortrait UIInterfaceOrientationLandscapeLeft UIInterfaceOrientationLandscapeRight";
				LD_RUNPATH_SEARCH_PATHS = (
					"$(inherited)",
					"@executable_path/Frameworks",
				);
				MARKETING_VERSION = 1.0;
				PRODUCT_BUNDLE_IDENTIFIER = dev.frostra1n.apps.Bankey;
				PRODUCT_NAME = "$(TARGET_NAME)";
				SWIFT_EMIT_LOC_STRINGS = YES;
				SWIFT_VERSION = 5.0;
				TARGETED_DEVICE_FAMILY = "1,2";
			};
			name = Release;
		};
		D092A42028811C8A005B8FDA /* Debug */ = {
			isa = XCBuildConfiguration;
			buildSettings = {
				BUNDLE_LOADER = "$(TEST_HOST)";
				CLANG_ENABLE_MODULES = YES;
				"CODE_SIGN_IDENTITY[sdk=macosx*]" = "-";
				CODE_SIGN_STYLE = Automatic;
				CURRENT_PROJECT_VERSION = 1;
				DEVELOPMENT_TEAM = "";
				GENERATE_INFOPLIST_FILE = YES;
				LD_RUNPATH_SEARCH_PATHS = (
					"$(inherited)",
					"@executable_path/Frameworks",
					"@loader_path/Frameworks",
				);
				MARKETING_VERSION = 1.0;
				PRODUCT_BUNDLE_IDENTIFIER = dev.frostra1n.apps.BankeyUnitTests;
				PRODUCT_NAME = "$(TARGET_NAME)";
				SWIFT_EMIT_LOC_STRINGS = NO;
				SWIFT_OPTIMIZATION_LEVEL = "-Onone";
				SWIFT_VERSION = 5.0;
				TARGETED_DEVICE_FAMILY = "1,2";
				TEST_HOST = "$(BUILT_PRODUCTS_DIR)/Bankey.app/Bankey";
			};
			name = Debug;
		};
		D092A42128811C8A005B8FDA /* Release */ = {
			isa = XCBuildConfiguration;
			buildSettings = {
				BUNDLE_LOADER = "$(TEST_HOST)";
				CLANG_ENABLE_MODULES = YES;
				CODE_SIGN_STYLE = Automatic;
				CURRENT_PROJECT_VERSION = 1;
				DEVELOPMENT_TEAM = R2D8G8MDYK;
				GENERATE_INFOPLIST_FILE = YES;
				LD_RUNPATH_SEARCH_PATHS = (
					"$(inherited)",
					"@executable_path/Frameworks",
					"@loader_path/Frameworks",
				);
				MARKETING_VERSION = 1.0;
				PRODUCT_BUNDLE_IDENTIFIER = dev.frostra1n.apps.BankeyUnitTests;
				PRODUCT_NAME = "$(TARGET_NAME)";
				SWIFT_EMIT_LOC_STRINGS = NO;
				SWIFT_VERSION = 5.0;
				TARGETED_DEVICE_FAMILY = "1,2";
				TEST_HOST = "$(BUILT_PRODUCTS_DIR)/Bankey.app/Bankey";
			};
			name = Release;
		};
/* End XCBuildConfiguration section */

/* Begin XCConfigurationList section */
		D04F6492286A35400018B326 /* Build configuration list for PBXProject "Bankey" */ = {
			isa = XCConfigurationList;
			buildConfigurations = (
				D04F64A9286A35430018B326 /* Debug */,
				D04F64AA286A35430018B326 /* Release */,
			);
			defaultConfigurationIsVisible = 0;
			defaultConfigurationName = Release;
		};
		D04F64AB286A35430018B326 /* Build configuration list for PBXNativeTarget "Bankey" */ = {
			isa = XCConfigurationList;
			buildConfigurations = (
				D04F64AC286A35430018B326 /* Debug */,
				D04F64AD286A35430018B326 /* Release */,
			);
			defaultConfigurationIsVisible = 0;
			defaultConfigurationName = Release;
		};
		D092A41F28811C8A005B8FDA /* Build configuration list for PBXNativeTarget "BankeyUnitTests" */ = {
			isa = XCConfigurationList;
			buildConfigurations = (
				D092A42028811C8A005B8FDA /* Debug */,
				D092A42128811C8A005B8FDA /* Release */,
			);
			defaultConfigurationIsVisible = 0;
			defaultConfigurationName = Release;
		};
/* End XCConfigurationList section */
	};
	rootObject = D04F648F286A35400018B326 /* Project object */;
}
